// !$*UTF8*$!
{
	archiveVersion = 1;
	classes = {
	};
	objectVersion = 56;
	objects = {

/* Begin PBXBuildFile section */
		8B13E0452A97B47800673F37 /* MeteorParticleScene.swift in Sources */ = {isa = PBXBuildFile; fileRef = 8B13E0442A97B47800673F37 /* MeteorParticleScene.swift */; };
		8B13E0472A97CFB100673F37 /* GasCloudParticleScene.swift in Sources */ = {isa = PBXBuildFile; fileRef = 8B13E0462A97CFB100673F37 /* GasCloudParticleScene.swift */; };
		8B13E0492A97CFDA00673F37 /* GasCloud.sks in Resources */ = {isa = PBXBuildFile; fileRef = 8B13E0482A97CFDA00673F37 /* GasCloud.sks */; };
		8B5F2C112A5C149200C7F8D9 /* DailyAffirmationView.swift in Sources */ = {isa = PBXBuildFile; fileRef = 8B5F2C102A5C149200C7F8D9 /* DailyAffirmationView.swift */; };
		8B5F2C132A5C242400C7F8D9 /* DashboardRow.swift in Sources */ = {isa = PBXBuildFile; fileRef = 8B5F2C122A5C242400C7F8D9 /* DashboardRow.swift */; };
		8B6BF1312A4061F900F6E282 /* Daily_HoroscopeApp.swift in Sources */ = {isa = PBXBuildFile; fileRef = 8B6BF1302A4061F900F6E282 /* Daily_HoroscopeApp.swift */; };
		8B6BF1332A4061F900F6E282 /* ContentView.swift in Sources */ = {isa = PBXBuildFile; fileRef = 8B6BF1322A4061F900F6E282 /* ContentView.swift */; };
		8B6BF1352A4061FA00F6E282 /* Assets.xcassets in Resources */ = {isa = PBXBuildFile; fileRef = 8B6BF1342A4061FA00F6E282 /* Assets.xcassets */; };
		8B6BF1382A4061FA00F6E282 /* Preview Assets.xcassets in Resources */ = {isa = PBXBuildFile; fileRef = 8B6BF1372A4061FA00F6E282 /* Preview Assets.xcassets */; };
		8B6BF13A2A4061FA00F6E282 /* Item.swift in Sources */ = {isa = PBXBuildFile; fileRef = 8B6BF1392A4061FA00F6E282 /* Item.swift */; };
		8B6BF1432A40620E00F6E282 /* Keys.swift in Sources */ = {isa = PBXBuildFile; fileRef = 8B6BF1422A40620E00F6E282 /* Keys.swift */; };
		8B6BF1452A40660500F6E282 /* DailyHoroscopeView.swift in Sources */ = {isa = PBXBuildFile; fileRef = 8B6BF1442A40660500F6E282 /* DailyHoroscopeView.swift */; };
		8B6BF1472A406C3200F6E282 /* HoroscopeViewModel.swift in Sources */ = {isa = PBXBuildFile; fileRef = 8B6BF1462A406C3200F6E282 /* HoroscopeViewModel.swift */; };
		8B82F0CF2A5430C100F23BD3 /* ScaleButtonStyle.swift in Sources */ = {isa = PBXBuildFile; fileRef = 8B82F0CE2A5430C100F23BD3 /* ScaleButtonStyle.swift */; };
		8B82F0D12A5430DA00F23BD3 /* GPTTone.swift in Sources */ = {isa = PBXBuildFile; fileRef = 8B82F0D02A5430DA00F23BD3 /* GPTTone.swift */; };
		8B82F0D42A54373A00F23BD3 /* DashboardView.swift in Sources */ = {isa = PBXBuildFile; fileRef = 8B82F0D32A54373A00F23BD3 /* DashboardView.swift */; };
		8B8AFAC82A97B3B9005F27C9 /* DashboardTile.swift in Sources */ = {isa = PBXBuildFile; fileRef = 8B8AFAC72A97B3B9005F27C9 /* DashboardTile.swift */; };
		8BA3A9B52A4AEC8F00E82987 /* OnboardingView.swift in Sources */ = {isa = PBXBuildFile; fileRef = 8BA3A9B42A4AEC8F00E82987 /* OnboardingView.swift */; };
		8BA3A9B72A4AEF4400E82987 /* Starsign.swift in Sources */ = {isa = PBXBuildFile; fileRef = 8BA3A9B62A4AEF4400E82987 /* Starsign.swift */; };
		8BA3A9BA2A4B04C500E82987 /* StarsignInfoView.swift in Sources */ = {isa = PBXBuildFile; fileRef = 8BA3A9B92A4B04C500E82987 /* StarsignInfoView.swift */; };
		8BA3A9BF2A4B142300E82987 /* Meteor.sks in Resources */ = {isa = PBXBuildFile; fileRef = 8BA3A9BD2A4B142300E82987 /* Meteor.sks */; };
		8BA3A9C02A4B142300E82987 /* Assets.xcassets in Resources */ = {isa = PBXBuildFile; fileRef = 8BA3A9BE2A4B142300E82987 /* Assets.xcassets */; };
		D578C37D2B4A47900077939F /* DashboardNewsView.swift in Sources */ = {isa = PBXBuildFile; fileRef = D578C37C2B4A47900077939F /* DashboardNewsView.swift */; };
		D578C37F2B4A61F70077939F /* TabView.swift in Sources */ = {isa = PBXBuildFile; fileRef = D578C37E2B4A61F70077939F /* TabView.swift */; };
		D578C3832B4A630D0077939F /* ProfileView.swift in Sources */ = {isa = PBXBuildFile; fileRef = D578C3822B4A630D0077939F /* ProfileView.swift */; };
		D5AD0ACB2B4ACED40060D782 /* LaunchScreenView.swift in Sources */ = {isa = PBXBuildFile; fileRef = D5AD0ACA2B4ACED40060D782 /* LaunchScreenView.swift */; };
		D5AD0ACE2B4B68960060D782 /* PlanetsTable.swift in Sources */ = {isa = PBXBuildFile; fileRef = D5AD0ACD2B4B68960060D782 /* PlanetsTable.swift */; };
		D5AD0AD02B4B73A50060D782 /* AnalysisView.swift in Sources */ = {isa = PBXBuildFile; fileRef = D5AD0ACF2B4B73A50060D782 /* AnalysisView.swift */; };
/* End PBXBuildFile section */

/* Begin PBXFileReference section */
		8B13E0442A97B47800673F37 /* MeteorParticleScene.swift */ = {isa = PBXFileReference; lastKnownFileType = sourcecode.swift; path = MeteorParticleScene.swift; sourceTree = "<group>"; };
		8B13E0462A97CFB100673F37 /* GasCloudParticleScene.swift */ = {isa = PBXFileReference; lastKnownFileType = sourcecode.swift; path = GasCloudParticleScene.swift; sourceTree = "<group>"; };
		8B13E0482A97CFDA00673F37 /* GasCloud.sks */ = {isa = PBXFileReference; lastKnownFileType = file.sks; path = GasCloud.sks; sourceTree = "<group>"; };
		8B5F2C102A5C149200C7F8D9 /* DailyAffirmationView.swift */ = {isa = PBXFileReference; lastKnownFileType = sourcecode.swift; path = DailyAffirmationView.swift; sourceTree = "<group>"; };
		8B5F2C122A5C242400C7F8D9 /* DashboardRow.swift */ = {isa = PBXFileReference; lastKnownFileType = sourcecode.swift; path = DashboardRow.swift; sourceTree = "<group>"; };
		8B6BF12D2A4061F900F6E282 /* Daily Horoscope.app */ = {isa = PBXFileReference; explicitFileType = wrapper.application; includeInIndex = 0; path = "Daily Horoscope.app"; sourceTree = BUILT_PRODUCTS_DIR; };
		8B6BF1302A4061F900F6E282 /* Daily_HoroscopeApp.swift */ = {isa = PBXFileReference; lastKnownFileType = sourcecode.swift; path = Daily_HoroscopeApp.swift; sourceTree = "<group>"; };
		8B6BF1322A4061F900F6E282 /* ContentView.swift */ = {isa = PBXFileReference; lastKnownFileType = sourcecode.swift; path = ContentView.swift; sourceTree = "<group>"; };
		8B6BF1342A4061FA00F6E282 /* Assets.xcassets */ = {isa = PBXFileReference; lastKnownFileType = folder.assetcatalog; path = Assets.xcassets; sourceTree = "<group>"; };
		8B6BF1372A4061FA00F6E282 /* Preview Assets.xcassets */ = {isa = PBXFileReference; lastKnownFileType = folder.assetcatalog; path = "Preview Assets.xcassets"; sourceTree = "<group>"; };
		8B6BF1392A4061FA00F6E282 /* Item.swift */ = {isa = PBXFileReference; lastKnownFileType = sourcecode.swift; path = Item.swift; sourceTree = "<group>"; };
		8B6BF13B2A4061FA00F6E282 /* Daily_Horoscope.entitlements */ = {isa = PBXFileReference; lastKnownFileType = text.plist.entitlements; path = Daily_Horoscope.entitlements; sourceTree = "<group>"; };
		8B6BF13C2A4061FA00F6E282 /* Info.plist */ = {isa = PBXFileReference; lastKnownFileType = text.plist.xml; path = Info.plist; sourceTree = "<group>"; };
		8B6BF1422A40620E00F6E282 /* Keys.swift */ = {isa = PBXFileReference; lastKnownFileType = sourcecode.swift; path = Keys.swift; sourceTree = "<group>"; };
		8B6BF1442A40660500F6E282 /* DailyHoroscopeView.swift */ = {isa = PBXFileReference; lastKnownFileType = sourcecode.swift; path = DailyHoroscopeView.swift; sourceTree = "<group>"; };
		8B6BF1462A406C3200F6E282 /* HoroscopeViewModel.swift */ = {isa = PBXFileReference; lastKnownFileType = sourcecode.swift; path = HoroscopeViewModel.swift; sourceTree = "<group>"; };
		8B82F0CE2A5430C100F23BD3 /* ScaleButtonStyle.swift */ = {isa = PBXFileReference; lastKnownFileType = sourcecode.swift; path = ScaleButtonStyle.swift; sourceTree = "<group>"; };
		8B82F0D02A5430DA00F23BD3 /* GPTTone.swift */ = {isa = PBXFileReference; lastKnownFileType = sourcecode.swift; path = GPTTone.swift; sourceTree = "<group>"; };
		8B82F0D32A54373A00F23BD3 /* DashboardView.swift */ = {isa = PBXFileReference; lastKnownFileType = sourcecode.swift; path = DashboardView.swift; sourceTree = "<group>"; };
		8B8AFAC72A97B3B9005F27C9 /* DashboardTile.swift */ = {isa = PBXFileReference; lastKnownFileType = sourcecode.swift; path = DashboardTile.swift; sourceTree = "<group>"; };
		8BA3A9B42A4AEC8F00E82987 /* OnboardingView.swift */ = {isa = PBXFileReference; lastKnownFileType = sourcecode.swift; path = OnboardingView.swift; sourceTree = "<group>"; };
		8BA3A9B62A4AEF4400E82987 /* Starsign.swift */ = {isa = PBXFileReference; lastKnownFileType = sourcecode.swift; path = Starsign.swift; sourceTree = "<group>"; };
		8BA3A9B92A4B04C500E82987 /* StarsignInfoView.swift */ = {isa = PBXFileReference; lastKnownFileType = sourcecode.swift; path = StarsignInfoView.swift; sourceTree = "<group>"; };
		8BA3A9BD2A4B142300E82987 /* Meteor.sks */ = {isa = PBXFileReference; lastKnownFileType = file.sks; path = Meteor.sks; sourceTree = "<group>"; };
		8BA3A9BE2A4B142300E82987 /* Assets.xcassets */ = {isa = PBXFileReference; lastKnownFileType = folder.assetcatalog; path = Assets.xcassets; sourceTree = "<group>"; };
		D578C37C2B4A47900077939F /* DashboardNewsView.swift */ = {isa = PBXFileReference; lastKnownFileType = sourcecode.swift; path = DashboardNewsView.swift; sourceTree = "<group>"; };
		D578C37E2B4A61F70077939F /* TabView.swift */ = {isa = PBXFileReference; lastKnownFileType = sourcecode.swift; path = TabView.swift; sourceTree = "<group>"; };
		D578C3822B4A630D0077939F /* ProfileView.swift */ = {isa = PBXFileReference; lastKnownFileType = sourcecode.swift; path = ProfileView.swift; sourceTree = "<group>"; };
		D5AD0ACA2B4ACED40060D782 /* LaunchScreenView.swift */ = {isa = PBXFileReference; lastKnownFileType = sourcecode.swift; path = LaunchScreenView.swift; sourceTree = "<group>"; };
		D5AD0ACD2B4B68960060D782 /* PlanetsTable.swift */ = {isa = PBXFileReference; lastKnownFileType = sourcecode.swift; path = PlanetsTable.swift; sourceTree = "<group>"; };
		D5AD0ACF2B4B73A50060D782 /* AnalysisView.swift */ = {isa = PBXFileReference; lastKnownFileType = sourcecode.swift; path = AnalysisView.swift; sourceTree = "<group>"; };
/* End PBXFileReference section */

/* Begin PBXFrameworksBuildPhase section */
		8B6BF12A2A4061F900F6E282 /* Frameworks */ = {
			isa = PBXFrameworksBuildPhase;
			buildActionMask = 2147483647;
			files = (
			);
			runOnlyForDeploymentPostprocessing = 0;
		};
/* End PBXFrameworksBuildPhase section */

/* Begin PBXGroup section */
		8B13E0432A97B46400673F37 /* particles */ = {
			isa = PBXGroup;
			children = (
				8B13E0442A97B47800673F37 /* MeteorParticleScene.swift */,
				8BA3A9BD2A4B142300E82987 /* Meteor.sks */,
				8BA3A9BE2A4B142300E82987 /* Assets.xcassets */,
				8B13E0462A97CFB100673F37 /* GasCloudParticleScene.swift */,
				8B13E0482A97CFDA00673F37 /* GasCloud.sks */,
			);
			path = particles;
			sourceTree = "<group>";
		};
		8B5F2C0F2A5C147F00C7F8D9 /* dailyAffirmation */ = {
			isa = PBXGroup;
			children = (
				8B5F2C102A5C149200C7F8D9 /* DailyAffirmationView.swift */,
			);
			path = dailyAffirmation;
			sourceTree = "<group>";
		};
		8B6BF1242A4061F900F6E282 = {
			isa = PBXGroup;
			children = (
				D5AD0ACA2B4ACED40060D782 /* LaunchScreenView.swift */,
				D578C3822B4A630D0077939F /* ProfileView.swift */,
				D578C37E2B4A61F70077939F /* TabView.swift */,
				8B6BF12F2A4061F900F6E282 /* Daily Horoscope */,
				8B6BF12E2A4061F900F6E282 /* Products */,
			);
			sourceTree = "<group>";
		};
		8B6BF12E2A4061F900F6E282 /* Products */ = {
			isa = PBXGroup;
			children = (
				8B6BF12D2A4061F900F6E282 /* Daily Horoscope.app */,
			);
			name = Products;
			sourceTree = "<group>";
		};
		8B6BF12F2A4061F900F6E282 /* Daily Horoscope */ = {
			isa = PBXGroup;
			children = (
				D5AD0ACC2B4B687A0060D782 /* ccomponents */,
				8B6BF1302A4061F900F6E282 /* Daily_HoroscopeApp.swift */,
				8B6BF1322A4061F900F6E282 /* ContentView.swift */,
				8BA3A9B62A4AEF4400E82987 /* Starsign.swift */,
				8B6BF1422A40620E00F6E282 /* Keys.swift */,
				8B13E0432A97B46400673F37 /* particles */,
				8B82F0D22A54372F00F23BD3 /* dashboard */,
				8B5F2C0F2A5C147F00C7F8D9 /* dailyAffirmation */,
				8B82F0CD2A5430B300F23BD3 /* modifiers */,
				8BA3A9B82A4B049B00E82987 /* starsignInfo */,
				8BA3A9B32A4AEC7D00E82987 /* onboarding */,
				8BA3A9B22A4AEC6100E82987 /* horoscope */,
				8B6BF1342A4061FA00F6E282 /* Assets.xcassets */,
				8B6BF13B2A4061FA00F6E282 /* Daily_Horoscope.entitlements */,
				8B6BF13C2A4061FA00F6E282 /* Info.plist */,
				8B6BF1362A4061FA00F6E282 /* Preview Content */,
			);
			path = "Daily Horoscope";
			sourceTree = "<group>";
		};
		8B6BF1362A4061FA00F6E282 /* Preview Content */ = {
			isa = PBXGroup;
			children = (
				8B6BF1372A4061FA00F6E282 /* Preview Assets.xcassets */,
			);
			path = "Preview Content";
			sourceTree = "<group>";
		};
		8B82F0CD2A5430B300F23BD3 /* modifiers */ = {
			isa = PBXGroup;
			children = (
				8B82F0CE2A5430C100F23BD3 /* ScaleButtonStyle.swift */,
			);
			path = modifiers;
			sourceTree = "<group>";
		};
		8B82F0D22A54372F00F23BD3 /* dashboard */ = {
			isa = PBXGroup;
			children = (
				8B82F0D32A54373A00F23BD3 /* DashboardView.swift */,
				8B5F2C122A5C242400C7F8D9 /* DashboardRow.swift */,
				8B8AFAC72A97B3B9005F27C9 /* DashboardTile.swift */,
				D578C37C2B4A47900077939F /* DashboardNewsView.swift */,
			);
			path = dashboard;
			sourceTree = "<group>";
		};
		8BA3A9B22A4AEC6100E82987 /* horoscope */ = {
			isa = PBXGroup;
			children = (
				8B82F0D02A5430DA00F23BD3 /* GPTTone.swift */,
				8B6BF1462A406C3200F6E282 /* HoroscopeViewModel.swift */,
				8B6BF1392A4061FA00F6E282 /* Item.swift */,
				8B6BF1442A40660500F6E282 /* DailyHoroscopeView.swift */,
			);
			path = horoscope;
			sourceTree = "<group>";
		};
		8BA3A9B32A4AEC7D00E82987 /* onboarding */ = {
			isa = PBXGroup;
			children = (
				8BA3A9B42A4AEC8F00E82987 /* OnboardingView.swift */,
			);
			path = onboarding;
			sourceTree = "<group>";
		};
		8BA3A9B82A4B049B00E82987 /* starsignInfo */ = {
			isa = PBXGroup;
			children = (
				8BA3A9B92A4B04C500E82987 /* StarsignInfoView.swift */,
			);
			path = starsignInfo;
			sourceTree = "<group>";
		};
		D5AD0ACC2B4B687A0060D782 /* ccomponents */ = {
			isa = PBXGroup;
			children = (
				D5AD0ACD2B4B68960060D782 /* PlanetsTable.swift */,
				D5AD0ACF2B4B73A50060D782 /* AnalysisView.swift */,
			);
			path = ccomponents;
			sourceTree = "<group>";
		};
/* End PBXGroup section */

/* Begin PBXNativeTarget section */
		8B6BF12C2A4061F900F6E282 /* Daily Horoscope */ = {
			isa = PBXNativeTarget;
			buildConfigurationList = 8B6BF13F2A4061FA00F6E282 /* Build configuration list for PBXNativeTarget "Daily Horoscope" */;
			buildPhases = (
				8B6BF1292A4061F900F6E282 /* Sources */,
				8B6BF12A2A4061F900F6E282 /* Frameworks */,
				8B6BF12B2A4061F900F6E282 /* Resources */,
			);
			buildRules = (
			);
			dependencies = (
			);
			name = "Daily Horoscope";
			productName = "Daily Horoscope";
			productReference = 8B6BF12D2A4061F900F6E282 /* Daily Horoscope.app */;
			productType = "com.apple.product-type.application";
		};
/* End PBXNativeTarget section */

/* Begin PBXProject section */
		8B6BF1252A4061F900F6E282 /* Project object */ = {
			isa = PBXProject;
			attributes = {
				BuildIndependentTargetsInParallel = 1;
				LastSwiftUpdateCheck = 1500;
				LastUpgradeCheck = 1500;
				TargetAttributes = {
					8B6BF12C2A4061F900F6E282 = {
						CreatedOnToolsVersion = 15.0;
					};
				};
			};
			buildConfigurationList = 8B6BF1282A4061F900F6E282 /* Build configuration list for PBXProject "Daily Horoscope" */;
			compatibilityVersion = "Xcode 14.0";
			developmentRegion = en;
			hasScannedForEncodings = 0;
			knownRegions = (
				en,
				Base,
			);
			mainGroup = 8B6BF1242A4061F900F6E282;
			productRefGroup = 8B6BF12E2A4061F900F6E282 /* Products */;
			projectDirPath = "";
			projectRoot = "";
			targets = (
				8B6BF12C2A4061F900F6E282 /* Daily Horoscope */,
			);
		};
/* End PBXProject section */

/* Begin PBXResourcesBuildPhase section */
		8B6BF12B2A4061F900F6E282 /* Resources */ = {
			isa = PBXResourcesBuildPhase;
			buildActionMask = 2147483647;
			files = (
				8B6BF1382A4061FA00F6E282 /* Preview Assets.xcassets in Resources */,
				8B13E0492A97CFDA00673F37 /* GasCloud.sks in Resources */,
				8BA3A9BF2A4B142300E82987 /* Meteor.sks in Resources */,
				8B6BF1352A4061FA00F6E282 /* Assets.xcassets in Resources */,
				8BA3A9C02A4B142300E82987 /* Assets.xcassets in Resources */,
			);
			runOnlyForDeploymentPostprocessing = 0;
		};
/* End PBXResourcesBuildPhase section */

/* Begin PBXSourcesBuildPhase section */
		8B6BF1292A4061F900F6E282 /* Sources */ = {
			isa = PBXSourcesBuildPhase;
			buildActionMask = 2147483647;
			files = (
				D5AD0AD02B4B73A50060D782 /* AnalysisView.swift in Sources */,
				8B6BF1332A4061F900F6E282 /* ContentView.swift in Sources */,
				8B82F0D42A54373A00F23BD3 /* DashboardView.swift in Sources */,
				D5AD0ACB2B4ACED40060D782 /* LaunchScreenView.swift in Sources */,
				8B6BF1432A40620E00F6E282 /* Keys.swift in Sources */,
				8B13E0452A97B47800673F37 /* MeteorParticleScene.swift in Sources */,
				8BA3A9BA2A4B04C500E82987 /* StarsignInfoView.swift in Sources */,
				8B6BF13A2A4061FA00F6E282 /* Item.swift in Sources */,
				8B6BF1472A406C3200F6E282 /* HoroscopeViewModel.swift in Sources */,
				8B8AFAC82A97B3B9005F27C9 /* DashboardTile.swift in Sources */,
				8BA3A9B72A4AEF4400E82987 /* Starsign.swift in Sources */,
				8B82F0CF2A5430C100F23BD3 /* ScaleButtonStyle.swift in Sources */,
				8B13E0472A97CFB100673F37 /* GasCloudParticleScene.swift in Sources */,
				8B6BF1312A4061F900F6E282 /* Daily_HoroscopeApp.swift in Sources */,
				D578C3832B4A630D0077939F /* ProfileView.swift in Sources */,
				D578C37D2B4A47900077939F /* DashboardNewsView.swift in Sources */,
				8B6BF1452A40660500F6E282 /* DailyHoroscopeView.swift in Sources */,
				D5AD0ACE2B4B68960060D782 /* PlanetsTable.swift in Sources */,
				8B82F0D12A5430DA00F23BD3 /* GPTTone.swift in Sources */,
				8B5F2C132A5C242400C7F8D9 /* DashboardRow.swift in Sources */,
				8BA3A9B52A4AEC8F00E82987 /* OnboardingView.swift in Sources */,
				8B5F2C112A5C149200C7F8D9 /* DailyAffirmationView.swift in Sources */,
				D578C37F2B4A61F70077939F /* TabView.swift in Sources */,
			);
			runOnlyForDeploymentPostprocessing = 0;
		};
/* End PBXSourcesBuildPhase section */

/* Begin XCBuildConfiguration section */
		8B6BF13D2A4061FA00F6E282 /* Debug */ = {
			isa = XCBuildConfiguration;
			buildSettings = {
				ALWAYS_SEARCH_USER_PATHS = NO;
				ASSETCATALOG_COMPILER_GENERATE_SWIFT_ASSET_SYMBOL_EXTENSIONS = YES;
				CLANG_ANALYZER_NONNULL = YES;
				CLANG_ANALYZER_NUMBER_OBJECT_CONVERSION = YES_AGGRESSIVE;
				CLANG_CXX_LANGUAGE_STANDARD = "gnu++20";
				CLANG_ENABLE_MODULES = YES;
				CLANG_ENABLE_OBJC_ARC = YES;
				CLANG_ENABLE_OBJC_WEAK = YES;
				CLANG_WARN_BLOCK_CAPTURE_AUTORELEASING = YES;
				CLANG_WARN_BOOL_CONVERSION = YES;
				CLANG_WARN_COMMA = YES;
				CLANG_WARN_CONSTANT_CONVERSION = YES;
				CLANG_WARN_DEPRECATED_OBJC_IMPLEMENTATIONS = YES;
				CLANG_WARN_DIRECT_OBJC_ISA_USAGE = YES_ERROR;
				CLANG_WARN_DOCUMENTATION_COMMENTS = YES;
				CLANG_WARN_EMPTY_BODY = YES;
				CLANG_WARN_ENUM_CONVERSION = YES;
				CLANG_WARN_INFINITE_RECURSION = YES;
				CLANG_WARN_INT_CONVERSION = YES;
				CLANG_WARN_NON_LITERAL_NULL_CONVERSION = YES;
				CLANG_WARN_OBJC_IMPLICIT_RETAIN_SELF = YES;
				CLANG_WARN_OBJC_LITERAL_CONVERSION = YES;
				CLANG_WARN_OBJC_ROOT_CLASS = YES_ERROR;
				CLANG_WARN_QUOTED_INCLUDE_IN_FRAMEWORK_HEADER = YES;
				CLANG_WARN_RANGE_LOOP_ANALYSIS = YES;
				CLANG_WARN_STRICT_PROTOTYPES = YES;
				CLANG_WARN_SUSPICIOUS_MOVE = YES;
				CLANG_WARN_UNGUARDED_AVAILABILITY = YES_AGGRESSIVE;
				CLANG_WARN_UNREACHABLE_CODE = YES;
				CLANG_WARN__DUPLICATE_METHOD_MATCH = YES;
				COPY_PHASE_STRIP = NO;
				DEBUG_INFORMATION_FORMAT = dwarf;
				ENABLE_STRICT_OBJC_MSGSEND = YES;
				ENABLE_TESTABILITY = YES;
				ENABLE_USER_SCRIPT_SANDBOXING = YES;
				GCC_C_LANGUAGE_STANDARD = gnu17;
				GCC_DYNAMIC_NO_PIC = NO;
				GCC_NO_COMMON_BLOCKS = YES;
				GCC_OPTIMIZATION_LEVEL = 0;
				GCC_PREPROCESSOR_DEFINITIONS = (
					"DEBUG=1",
					"$(inherited)",
				);
				GCC_WARN_64_TO_32_BIT_CONVERSION = YES;
				GCC_WARN_ABOUT_RETURN_TYPE = YES_ERROR;
				GCC_WARN_UNDECLARED_SELECTOR = YES;
				GCC_WARN_UNINITIALIZED_AUTOS = YES_AGGRESSIVE;
				GCC_WARN_UNUSED_FUNCTION = YES;
				GCC_WARN_UNUSED_VARIABLE = YES;
				IPHONEOS_DEPLOYMENT_TARGET = 17.0;
				LOCALIZATION_PREFERS_STRING_CATALOGS = YES;
				MTL_ENABLE_DEBUG_INFO = INCLUDE_SOURCE;
				MTL_FAST_MATH = YES;
				ONLY_ACTIVE_ARCH = YES;
				SDKROOT = iphoneos;
				SWIFT_ACTIVE_COMPILATION_CONDITIONS = "DEBUG $(inherited)";
				SWIFT_OPTIMIZATION_LEVEL = "-Onone";
			};
			name = Debug;
		};
		8B6BF13E2A4061FA00F6E282 /* Release */ = {
			isa = XCBuildConfiguration;
			buildSettings = {
				ALWAYS_SEARCH_USER_PATHS = NO;
				ASSETCATALOG_COMPILER_GENERATE_SWIFT_ASSET_SYMBOL_EXTENSIONS = YES;
				CLANG_ANALYZER_NONNULL = YES;
				CLANG_ANALYZER_NUMBER_OBJECT_CONVERSION = YES_AGGRESSIVE;
				CLANG_CXX_LANGUAGE_STANDARD = "gnu++20";
				CLANG_ENABLE_MODULES = YES;
				CLANG_ENABLE_OBJC_ARC = YES;
				CLANG_ENABLE_OBJC_WEAK = YES;
				CLANG_WARN_BLOCK_CAPTURE_AUTORELEASING = YES;
				CLANG_WARN_BOOL_CONVERSION = YES;
				CLANG_WARN_COMMA = YES;
				CLANG_WARN_CONSTANT_CONVERSION = YES;
				CLANG_WARN_DEPRECATED_OBJC_IMPLEMENTATIONS = YES;
				CLANG_WARN_DIRECT_OBJC_ISA_USAGE = YES_ERROR;
				CLANG_WARN_DOCUMENTATION_COMMENTS = YES;
				CLANG_WARN_EMPTY_BODY = YES;
				CLANG_WARN_ENUM_CONVERSION = YES;
				CLANG_WARN_INFINITE_RECURSION = YES;
				CLANG_WARN_INT_CONVERSION = YES;
				CLANG_WARN_NON_LITERAL_NULL_CONVERSION = YES;
				CLANG_WARN_OBJC_IMPLICIT_RETAIN_SELF = YES;
				CLANG_WARN_OBJC_LITERAL_CONVERSION = YES;
				CLANG_WARN_OBJC_ROOT_CLASS = YES_ERROR;
				CLANG_WARN_QUOTED_INCLUDE_IN_FRAMEWORK_HEADER = YES;
				CLANG_WARN_RANGE_LOOP_ANALYSIS = YES;
				CLANG_WARN_STRICT_PROTOTYPES = YES;
				CLANG_WARN_SUSPICIOUS_MOVE = YES;
				CLANG_WARN_UNGUARDED_AVAILABILITY = YES_AGGRESSIVE;
				CLANG_WARN_UNREACHABLE_CODE = YES;
				CLANG_WARN__DUPLICATE_METHOD_MATCH = YES;
				COPY_PHASE_STRIP = NO;
				DEBUG_INFORMATION_FORMAT = "dwarf-with-dsym";
				ENABLE_NS_ASSERTIONS = NO;
				ENABLE_STRICT_OBJC_MSGSEND = YES;
				ENABLE_USER_SCRIPT_SANDBOXING = YES;
				GCC_C_LANGUAGE_STANDARD = gnu17;
				GCC_NO_COMMON_BLOCKS = YES;
				GCC_WARN_64_TO_32_BIT_CONVERSION = YES;
				GCC_WARN_ABOUT_RETURN_TYPE = YES_ERROR;
				GCC_WARN_UNDECLARED_SELECTOR = YES;
				GCC_WARN_UNINITIALIZED_AUTOS = YES_AGGRESSIVE;
				GCC_WARN_UNUSED_FUNCTION = YES;
				GCC_WARN_UNUSED_VARIABLE = YES;
				IPHONEOS_DEPLOYMENT_TARGET = 17.0;
				LOCALIZATION_PREFERS_STRING_CATALOGS = YES;
				MTL_ENABLE_DEBUG_INFO = NO;
				MTL_FAST_MATH = YES;
				SDKROOT = iphoneos;
				SWIFT_COMPILATION_MODE = wholemodule;
				VALIDATE_PRODUCT = YES;
			};
			name = Release;
		};
		8B6BF1402A4061FA00F6E282 /* Debug */ = {
			isa = XCBuildConfiguration;
			buildSettings = {
				ASSETCATALOG_COMPILER_APPICON_NAME = AppIcon;
				ASSETCATALOG_COMPILER_GLOBAL_ACCENT_COLOR_NAME = AccentColor;
				CODE_SIGN_ENTITLEMENTS = "Daily Horoscope/Daily_Horoscope.entitlements";
				CODE_SIGN_STYLE = Automatic;
				CURRENT_PROJECT_VERSION = 1;
				DEVELOPMENT_ASSET_PATHS = "\"Daily Horoscope/Preview Content\"";
				DEVELOPMENT_TEAM = 2VA9RUV2PN;
				ENABLE_PREVIEWS = YES;
				GENERATE_INFOPLIST_FILE = YES;
				INFOPLIST_FILE = "Daily Horoscope/Info.plist";
				INFOPLIST_KEY_UIApplicationSceneManifest_Generation = YES;
				INFOPLIST_KEY_UIApplicationSupportsIndirectInputEvents = YES;
				INFOPLIST_KEY_UILaunchScreen_Generation = YES;
				INFOPLIST_KEY_UISupportedInterfaceOrientations_iPad = "UIInterfaceOrientationPortrait UIInterfaceOrientationPortraitUpsideDown UIInterfaceOrientationLandscapeLeft UIInterfaceOrientationLandscapeRight";
				INFOPLIST_KEY_UISupportedInterfaceOrientations_iPhone = "UIInterfaceOrientationPortrait UIInterfaceOrientationLandscapeLeft UIInterfaceOrientationLandscapeRight";
				INFOPLIST_KEY_UIUserInterfaceStyle = Dark;
				LD_RUNPATH_SEARCH_PATHS = (
					"$(inherited)",
					"@executable_path/Frameworks",
				);
				MARKETING_VERSION = 1.0;
				PRODUCT_BUNDLE_IDENTIFIER = "getswifty.Daily-Horoscope";
				PRODUCT_NAME = "$(TARGET_NAME)";
				SUPPORTED_PLATFORMS = "iphoneos iphonesimulator";
				SUPPORTS_MACCATALYST = NO;
				SUPPORTS_MAC_DESIGNED_FOR_IPHONE_IPAD = NO;
				SUPPORTS_XR_DESIGNED_FOR_IPHONE_IPAD = NO;
				SWIFT_EMIT_LOC_STRINGS = YES;
				SWIFT_VERSION = 5.0;
				TARGETED_DEVICE_FAMILY = 1;
			};
			name = Debug;
		};
		8B6BF1412A4061FA00F6E282 /* Release */ = {
			isa = XCBuildConfiguration;
			buildSettings = {
				ASSETCATALOG_COMPILER_APPICON_NAME = AppIcon;
				ASSETCATALOG_COMPILER_GLOBAL_ACCENT_COLOR_NAME = AccentColor;
				CODE_SIGN_ENTITLEMENTS = "Daily Horoscope/Daily_Horoscope.entitlements";
				CODE_SIGN_STYLE = Automatic;
				CURRENT_PROJECT_VERSION = 1;
				DEVELOPMENT_ASSET_PATHS = "\"Daily Horoscope/Preview Content\"";
				DEVELOPMENT_TEAM = 2VA9RUV2PN;
				ENABLE_PREVIEWS = YES;
				GENERATE_INFOPLIST_FILE = YES;
				INFOPLIST_FILE = "Daily Horoscope/Info.plist";
				INFOPLIST_KEY_UIApplicationSceneManifest_Generation = YES;
				INFOPLIST_KEY_UIApplicationSupportsIndirectInputEvents = YES;
				INFOPLIST_KEY_UILaunchScreen_Generation = YES;
				INFOPLIST_KEY_UISupportedInterfaceOrientations_iPad = "UIInterfaceOrientationPortrait UIInterfaceOrientationPortraitUpsideDown UIInterfaceOrientationLandscapeLeft UIInterfaceOrientationLandscapeRight";
				INFOPLIST_KEY_UISupportedInterfaceOrientations_iPhone = "UIInterfaceOrientationPortrait UIInterfaceOrientationLandscapeLeft UIInterfaceOrientationLandscapeRight";
				INFOPLIST_KEY_UIUserInterfaceStyle = Dark;
				LD_RUNPATH_SEARCH_PATHS = (
					"$(inherited)",
					"@executable_path/Frameworks",
				);
				MARKETING_VERSION = 1.0;
				PRODUCT_BUNDLE_IDENTIFIER = "getswifty.Daily-Horoscope";
				PRODUCT_NAME = "$(TARGET_NAME)";
				SUPPORTED_PLATFORMS = "iphoneos iphonesimulator";
				SUPPORTS_MACCATALYST = NO;
				SUPPORTS_MAC_DESIGNED_FOR_IPHONE_IPAD = NO;
				SUPPORTS_XR_DESIGNED_FOR_IPHONE_IPAD = NO;
				SWIFT_EMIT_LOC_STRINGS = YES;
				SWIFT_VERSION = 5.0;
				TARGETED_DEVICE_FAMILY = 1;
			};
			name = Release;
		};
/* End XCBuildConfiguration section */

/* Begin XCConfigurationList section */
		8B6BF1282A4061F900F6E282 /* Build configuration list for PBXProject "Daily Horoscope" */ = {
			isa = XCConfigurationList;
			buildConfigurations = (
				8B6BF13D2A4061FA00F6E282 /* Debug */,
				8B6BF13E2A4061FA00F6E282 /* Release */,
			);
			defaultConfigurationIsVisible = 0;
			defaultConfigurationName = Release;
		};
		8B6BF13F2A4061FA00F6E282 /* Build configuration list for PBXNativeTarget "Daily Horoscope" */ = {
			isa = XCConfigurationList;
			buildConfigurations = (
				8B6BF1402A4061FA00F6E282 /* Debug */,
				8B6BF1412A4061FA00F6E282 /* Release */,
			);
			defaultConfigurationIsVisible = 0;
			defaultConfigurationName = Release;
		};
/* End XCConfigurationList section */
	};
	rootObject = 8B6BF1252A4061F900F6E282 /* Project object */;
}
